
Microsoft Visual Studio Solution File, Format Version 12.00
# Visual Studio 14
VisualStudioVersion = 14.0.25420.1
MinimumVisualStudioVersion = 10.0.40219.1
Project("{D954291E-2A0B-460D-934E-DC6B0785DB48}") = "HelloXamarinFormsSAP", "HelloXamarinFormsSAP\HelloXamarinFormsSAP\HelloXamarinFormsSAP.shproj", "{52AC0AC4-44A1-4EA7-AEDC-96FDFB8248E1}"
EndProject
Project("{FAE04EC0-301F-11D3-BF4B-00C04F79EFBC}") = "HelloXamarinFormsSAP.Droid", "HelloXamarinFormsSAP\HelloXamarinFormsSAP.Droid\HelloXamarinFormsSAP.Droid.csproj", "{4936EE09-FDAE-42AB-921A-42571AF033AB}"
EndProject
Project("{FAE04EC0-301F-11D3-BF4B-00C04F79EFBC}") = "HelloXamarinFormsSAP.iOS", "HelloXamarinFormsSAP\HelloXamarinFormsSAP.iOS\HelloXamarinFormsSAP.iOS.csproj", "{C7848861-B024-4351-9F43-65A01E14796B}"
EndProject
Project("{FAE04EC0-301F-11D3-BF4B-00C04F79EFBC}") = "HelloXamarinFormsSAP.WinPhone", "HelloXamarinFormsSAP\HelloXamarinFormsSAP.WinPhone\HelloXamarinFormsSAP.WinPhone.csproj", "{98CCB7BE-3AFF-4EDA-8786-11EAF86FE7E1}"
EndProject
Project("{FAE04EC0-301F-11D3-BF4B-00C04F79EFBC}") = "HelloXamarinFormsSAP.UWP", "HelloXamarinFormsSAP\HelloXamarinFormsSAP.UWP\HelloXamarinFormsSAP.UWP.csproj", "{E71A9753-651D-4BF9-AEFE-21C777AEB442}"
EndProject
Project("{FAE04EC0-301F-11D3-BF4B-00C04F79EFBC}") = "HelloXamarinFormsSAP.Windows", "HelloXamarinFormsSAP\HelloXamarinFormsSAP.Windows\HelloXamarinFormsSAP.Windows.csproj", "{AEF308A4-D149-4A8F-99A9-1894169C093C}"
EndProject
Global
	GlobalSection(SharedMSBuildProjectFiles) = preSolution
		HelloXamarinFormsSAP\HelloXamarinFormsSAP\HelloXamarinFormsSAP.projitems*{4936ee09-fdae-42ab-921a-42571af033ab}*SharedItemsImports = 4
		HelloXamarinFormsSAP\HelloXamarinFormsSAP\HelloXamarinFormsSAP.projitems*{52ac0ac4-44a1-4ea7-aedc-96fdfb8248e1}*SharedItemsImports = 13
		HelloXamarinFormsSAP\HelloXamarinFormsSAP\HelloXamarinFormsSAP.projitems*{c7848861-b024-4351-9f43-65a01e14796b}*SharedItemsImports = 4
	EndGlobalSection
	GlobalSection(SolutionConfigurationPlatforms) = preSolution
		Ad-Hoc|Any CPU = Ad-Hoc|Any CPU
		Ad-Hoc|ARM = Ad-Hoc|ARM
		Ad-Hoc|iPhone = Ad-Hoc|iPhone
		Ad-Hoc|iPhoneSimulator = Ad-Hoc|iPhoneSimulator
		Ad-Hoc|x64 = Ad-Hoc|x64
		Ad-Hoc|x86 = Ad-Hoc|x86
		AppStore|Any CPU = AppStore|Any CPU
		AppStore|ARM = AppStore|ARM
		AppStore|iPhone = AppStore|iPhone
		AppStore|iPhoneSimulator = AppStore|iPhoneSimulator
		AppStore|x64 = AppStore|x64
		AppStore|x86 = AppStore|x86
		Debug|Any CPU = Debug|Any CPU
		Debug|ARM = Debug|ARM
		Debug|iPhone = Debug|iPhone
		Debug|iPhoneSimulator = Debug|iPhoneSimulator
		Debug|x64 = Debug|x64
		Debug|x86 = Debug|x86
		Release|Any CPU = Release|Any CPU
		Release|ARM = Release|ARM
		Release|iPhone = Release|iPhone
		Release|iPhoneSimulator = Release|iPhoneSimulator
		Release|x64 = Release|x64
		Release|x86 = Release|x86
	EndGlobalSection
	GlobalSection(ProjectConfigurationPlatforms) = postSolution
		{4936EE09-FDAE-42AB-921A-42571AF033AB}.Ad-Hoc|Any CPU.ActiveCfg = Release|Any CPU
		{4936EE09-FDAE-42AB-921A-42571AF033AB}.Ad-Hoc|Any CPU.Build.0 = Release|Any CPU
		{4936EE09-FDAE-42AB-921A-42571AF033AB}.Ad-Hoc|Any CPU.Deploy.0 = Release|Any CPU
		{4936EE09-FDAE-42AB-921A-42571AF033AB}.Ad-Hoc|ARM.ActiveCfg = Release|Any CPU
		{4936EE09-FDAE-42AB-921A-42571AF033AB}.Ad-Hoc|ARM.Build.0 = Release|Any CPU
		{4936EE09-FDAE-42AB-921A-42571AF033AB}.Ad-Hoc|ARM.Deploy.0 = Release|Any CPU
		{4936EE09-FDAE-42AB-921A-42571AF033AB}.Ad-Hoc|iPhone.ActiveCfg = Release|Any CPU
		{4936EE09-FDAE-42AB-921A-42571AF033AB}.Ad-Hoc|iPhone.Build.0 = Release|Any CPU
		{4936EE09-FDAE-42AB-921A-42571AF033AB}.Ad-Hoc|iPhone.Deploy.0 = Release|Any CPU
		{4936EE09-FDAE-42AB-921A-42571AF033AB}.Ad-Hoc|iPhoneSimulator.ActiveCfg = Release|Any CPU
		{4936EE09-FDAE-42AB-921A-42571AF033AB}.Ad-Hoc|iPhoneSimulator.Build.0 = Release|Any CPU
		{4936EE09-FDAE-42AB-921A-42571AF033AB}.Ad-Hoc|iPhoneSimulator.Deploy.0 = Release|Any CPU
		{4936EE09-FDAE-42AB-921A-42571AF033AB}.Ad-Hoc|x64.ActiveCfg = Release|Any CPU
		{4936EE09-FDAE-42AB-921A-42571AF033AB}.Ad-Hoc|x64.Build.0 = Release|Any CPU
		{4936EE09-FDAE-42AB-921A-42571AF033AB}.Ad-Hoc|x64.Deploy.0 = Release|Any CPU
		{4936EE09-FDAE-42AB-921A-42571AF033AB}.Ad-Hoc|x86.ActiveCfg = Release|Any CPU
		{4936EE09-FDAE-42AB-921A-42571AF033AB}.Ad-Hoc|x86.Build.0 = Release|Any CPU
		{4936EE09-FDAE-42AB-921A-42571AF033AB}.Ad-Hoc|x86.Deploy.0 = Release|Any CPU
		{4936EE09-FDAE-42AB-921A-42571AF033AB}.AppStore|Any CPU.ActiveCfg = Release|Any CPU
		{4936EE09-FDAE-42AB-921A-42571AF033AB}.AppStore|Any CPU.Build.0 = Release|Any CPU
		{4936EE09-FDAE-42AB-921A-42571AF033AB}.AppStore|Any CPU.Deploy.0 = Release|Any CPU
		{4936EE09-FDAE-42AB-921A-42571AF033AB}.AppStore|ARM.ActiveCfg = Release|Any CPU
		{4936EE09-FDAE-42AB-921A-42571AF033AB}.AppStore|ARM.Build.0 = Release|Any CPU
		{4936EE09-FDAE-42AB-921A-42571AF033AB}.AppStore|ARM.Deploy.0 = Release|Any CPU
		{4936EE09-FDAE-42AB-921A-42571AF033AB}.AppStore|iPhone.ActiveCfg = Release|Any CPU
		{4936EE09-FDAE-42AB-921A-42571AF033AB}.AppStore|iPhone.Build.0 = Release|Any CPU
		{4936EE09-FDAE-42AB-921A-42571AF033AB}.AppStore|iPhone.Deploy.0 = Release|Any CPU
		{4936EE09-FDAE-42AB-921A-42571AF033AB}.AppStore|iPhoneSimulator.ActiveCfg = Release|Any CPU
		{4936EE09-FDAE-42AB-921A-42571AF033AB}.AppStore|iPhoneSimulator.Build.0 = Release|Any CPU
		{4936EE09-FDAE-42AB-921A-42571AF033AB}.AppStore|iPhoneSimulator.Deploy.0 = Release|Any CPU
		{4936EE09-FDAE-42AB-921A-42571AF033AB}.AppStore|x64.ActiveCfg = Release|Any CPU
		{4936EE09-FDAE-42AB-921A-42571AF033AB}.AppStore|x64.Build.0 = Release|Any CPU
		{4936EE09-FDAE-42AB-921A-42571AF033AB}.AppStore|x64.Deploy.0 = Release|Any CPU
		{4936EE09-FDAE-42AB-921A-42571AF033AB}.AppStore|x86.ActiveCfg = Release|Any CPU
		{4936EE09-FDAE-42AB-921A-42571AF033AB}.AppStore|x86.Build.0 = Release|Any CPU
		{4936EE09-FDAE-42AB-921A-42571AF033AB}.AppStore|x86.Deploy.0 = Release|Any CPU
		{4936EE09-FDAE-42AB-921A-42571AF033AB}.Debug|Any CPU.ActiveCfg = Debug|Any CPU
		{4936EE09-FDAE-42AB-921A-42571AF033AB}.Debug|Any CPU.Build.0 = Debug|Any CPU
		{4936EE09-FDAE-42AB-921A-42571AF033AB}.Debug|Any CPU.Deploy.0 = Debug|Any CPU
		{4936EE09-FDAE-42AB-921A-42571AF033AB}.Debug|ARM.ActiveCfg = Debug|Any CPU
		{4936EE09-FDAE-42AB-921A-42571AF033AB}.Debug|ARM.Build.0 = Debug|Any CPU
		{4936EE09-FDAE-42AB-921A-42571AF033AB}.Debug|ARM.Deploy.0 = Debug|Any CPU
		{4936EE09-FDAE-42AB-921A-42571AF033AB}.Debug|iPhone.ActiveCfg = Debug|Any CPU
		{4936EE09-FDAE-42AB-921A-42571AF033AB}.Debug|iPhone.Build.0 = Debug|Any CPU
		{4936EE09-FDAE-42AB-921A-42571AF033AB}.Debug|iPhone.Deploy.0 = Debug|Any CPU
		{4936EE09-FDAE-42AB-921A-42571AF033AB}.Debug|iPhoneSimulator.ActiveCfg = Debug|Any CPU
		{4936EE09-FDAE-42AB-921A-42571AF033AB}.Debug|iPhoneSimulator.Build.0 = Debug|Any CPU
		{4936EE09-FDAE-42AB-921A-42571AF033AB}.Debug|iPhoneSimulator.Deploy.0 = Debug|Any CPU
		{4936EE09-FDAE-42AB-921A-42571AF033AB}.Debug|x64.ActiveCfg = Debug|Any CPU
		{4936EE09-FDAE-42AB-921A-42571AF033AB}.Debug|x64.Build.0 = Debug|Any CPU
		{4936EE09-FDAE-42AB-921A-42571AF033AB}.Debug|x64.Deploy.0 = Debug|Any CPU
		{4936EE09-FDAE-42AB-921A-42571AF033AB}.Debug|x86.ActiveCfg = Debug|Any CPU
		{4936EE09-FDAE-42AB-921A-42571AF033AB}.Debug|x86.Build.0 = Debug|Any CPU
		{4936EE09-FDAE-42AB-921A-42571AF033AB}.Debug|x86.Deploy.0 = Debug|Any CPU
		{4936EE09-FDAE-42AB-921A-42571AF033AB}.Release|Any CPU.ActiveCfg = Release|Any CPU
		{4936EE09-FDAE-42AB-921A-42571AF033AB}.Release|Any CPU.Build.0 = Release|Any CPU
		{4936EE09-FDAE-42AB-921A-42571AF033AB}.Release|Any CPU.Deploy.0 = Release|Any CPU
		{4936EE09-FDAE-42AB-921A-42571AF033AB}.Release|ARM.ActiveCfg = Release|Any CPU
		{4936EE09-FDAE-42AB-921A-42571AF033AB}.Release|ARM.Build.0 = Release|Any CPU
		{4936EE09-FDAE-42AB-921A-42571AF033AB}.Release|ARM.Deploy.0 = Release|Any CPU
		{4936EE09-FDAE-42AB-921A-42571AF033AB}.Release|iPhone.ActiveCfg = Release|Any CPU
		{4936EE09-FDAE-42AB-921A-42571AF033AB}.Release|iPhone.Build.0 = Release|Any CPU
		{4936EE09-FDAE-42AB-921A-42571AF033AB}.Release|iPhone.Deploy.0 = Release|Any CPU
		{4936EE09-FDAE-42AB-921A-42571AF033AB}.Release|iPhoneSimulator.ActiveCfg = Release|Any CPU
		{4936EE09-FDAE-42AB-921A-42571AF033AB}.Release|iPhoneSimulator.Build.0 = Release|Any CPU
		{4936EE09-FDAE-42AB-921A-42571AF033AB}.Release|iPhoneSimulator.Deploy.0 = Release|Any CPU
		{4936EE09-FDAE-42AB-921A-42571AF033AB}.Release|x64.ActiveCfg = Release|Any CPU
		{4936EE09-FDAE-42AB-921A-42571AF033AB}.Release|x64.Build.0 = Release|Any CPU
		{4936EE09-FDAE-42AB-921A-42571AF033AB}.Release|x64.Deploy.0 = Release|Any CPU
		{4936EE09-FDAE-42AB-921A-42571AF033AB}.Release|x86.ActiveCfg = Release|Any CPU
		{4936EE09-FDAE-42AB-921A-42571AF033AB}.Release|x86.Build.0 = Release|Any CPU
		{4936EE09-FDAE-42AB-921A-42571AF033AB}.Release|x86.Deploy.0 = Release|Any CPU
		{C7848861-B024-4351-9F43-65A01E14796B}.Ad-Hoc|Any CPU.ActiveCfg = Ad-Hoc|iPhone
		{C7848861-B024-4351-9F43-65A01E14796B}.Ad-Hoc|ARM.ActiveCfg = Ad-Hoc|iPhone
		{C7848861-B024-4351-9F43-65A01E14796B}.Ad-Hoc|iPhone.ActiveCfg = Ad-Hoc|iPhone
		{C7848861-B024-4351-9F43-65A01E14796B}.Ad-Hoc|iPhone.Build.0 = Ad-Hoc|iPhone
		{C7848861-B024-4351-9F43-65A01E14796B}.Ad-Hoc|iPhoneSimulator.ActiveCfg = Ad-Hoc|iPhoneSimulator
		{C7848861-B024-4351-9F43-65A01E14796B}.Ad-Hoc|iPhoneSimulator.Build.0 = Ad-Hoc|iPhoneSimulator
		{C7848861-B024-4351-9F43-65A01E14796B}.Ad-Hoc|x64.ActiveCfg = Ad-Hoc|iPhone
		{C7848861-B024-4351-9F43-65A01E14796B}.Ad-Hoc|x86.ActiveCfg = Ad-Hoc|iPhone
		{C7848861-B024-4351-9F43-65A01E14796B}.AppStore|Any CPU.ActiveCfg = AppStore|iPhone
		{C7848861-B024-4351-9F43-65A01E14796B}.AppStore|ARM.ActiveCfg = AppStore|iPhone
		{C7848861-B024-4351-9F43-65A01E14796B}.AppStore|iPhone.ActiveCfg = AppStore|iPhone
		{C7848861-B024-4351-9F43-65A01E14796B}.AppStore|iPhone.Build.0 = AppStore|iPhone
		{C7848861-B024-4351-9F43-65A01E14796B}.AppStore|iPhoneSimulator.ActiveCfg = AppStore|iPhoneSimulator
		{C7848861-B024-4351-9F43-65A01E14796B}.AppStore|iPhoneSimulator.Build.0 = AppStore|iPhoneSimulator
		{C7848861-B024-4351-9F43-65A01E14796B}.AppStore|x64.ActiveCfg = AppStore|iPhone
		{C7848861-B024-4351-9F43-65A01E14796B}.AppStore|x86.ActiveCfg = AppStore|iPhone
		{C7848861-B024-4351-9F43-65A01E14796B}.Debug|Any CPU.ActiveCfg = Debug|iPhone
		{C7848861-B024-4351-9F43-65A01E14796B}.Debug|Any CPU.Build.0 = Debug|iPhone
		{C7848861-B024-4351-9F43-65A01E14796B}.Debug|ARM.ActiveCfg = Debug|iPhone
		{C7848861-B024-4351-9F43-65A01E14796B}.Debug|iPhone.ActiveCfg = Debug|iPhone
		{C7848861-B024-4351-9F43-65A01E14796B}.Debug|iPhone.Build.0 = Debug|iPhone
		{C7848861-B024-4351-9F43-65A01E14796B}.Debug|iPhoneSimulator.ActiveCfg = Debug|iPhoneSimulator
		{C7848861-B024-4351-9F43-65A01E14796B}.Debug|iPhoneSimulator.Build.0 = Debug|iPhoneSimulator
		{C7848861-B024-4351-9F43-65A01E14796B}.Debug|x64.ActiveCfg = Debug|iPhone
		{C7848861-B024-4351-9F43-65A01E14796B}.Debug|x86.ActiveCfg = Debug|iPhone
		{C7848861-B024-4351-9F43-65A01E14796B}.Release|Any CPU.ActiveCfg = Release|iPhone
		{C7848861-B024-4351-9F43-65A01E14796B}.Release|ARM.ActiveCfg = Release|iPhone
		{C7848861-B024-4351-9F43-65A01E14796B}.Release|iPhone.ActiveCfg = Release|iPhone
		{C7848861-B024-4351-9F43-65A01E14796B}.Release|iPhone.Build.0 = Release|iPhone
		{C7848861-B024-4351-9F43-65A01E14796B}.Release|iPhoneSimulator.ActiveCfg = Release|iPhoneSimulator
		{C7848861-B024-4351-9F43-65A01E14796B}.Release|iPhoneSimulator.Build.0 = Release|iPhoneSimulator
		{C7848861-B024-4351-9F43-65A01E14796B}.Release|x64.ActiveCfg = Release|iPhone
		{C7848861-B024-4351-9F43-65A01E14796B}.Release|x86.ActiveCfg = Release|iPhone
		{98CCB7BE-3AFF-4EDA-8786-11EAF86FE7E1}.Ad-Hoc|Any CPU.ActiveCfg = Release|Any CPU
		{98CCB7BE-3AFF-4EDA-8786-11EAF86FE7E1}.Ad-Hoc|Any CPU.Build.0 = Release|Any CPU
		{98CCB7BE-3AFF-4EDA-8786-11EAF86FE7E1}.Ad-Hoc|Any CPU.Deploy.0 = Release|Any CPU
		{98CCB7BE-3AFF-4EDA-8786-11EAF86FE7E1}.Ad-Hoc|ARM.ActiveCfg = Release|ARM
		{98CCB7BE-3AFF-4EDA-8786-11EAF86FE7E1}.Ad-Hoc|ARM.Build.0 = Release|ARM
		{98CCB7BE-3AFF-4EDA-8786-11EAF86FE7E1}.Ad-Hoc|ARM.Deploy.0 = Release|ARM
		{98CCB7BE-3AFF-4EDA-8786-11EAF86FE7E1}.Ad-Hoc|iPhone.ActiveCfg = Release|Any CPU
		{98CCB7BE-3AFF-4EDA-8786-11EAF86FE7E1}.Ad-Hoc|iPhone.Build.0 = Release|Any CPU
		{98CCB7BE-3AFF-4EDA-8786-11EAF86FE7E1}.Ad-Hoc|iPhone.Deploy.0 = Release|Any CPU
		{98CCB7BE-3AFF-4EDA-8786-11EAF86FE7E1}.Ad-Hoc|iPhoneSimulator.ActiveCfg = Release|Any CPU
		{98CCB7BE-3AFF-4EDA-8786-11EAF86FE7E1}.Ad-Hoc|iPhoneSimulator.Build.0 = Release|Any CPU
		{98CCB7BE-3AFF-4EDA-8786-11EAF86FE7E1}.Ad-Hoc|iPhoneSimulator.Deploy.0 = Release|Any CPU
		{98CCB7BE-3AFF-4EDA-8786-11EAF86FE7E1}.Ad-Hoc|x64.ActiveCfg = Release|Any CPU
		{98CCB7BE-3AFF-4EDA-8786-11EAF86FE7E1}.Ad-Hoc|x64.Build.0 = Release|Any CPU
		{98CCB7BE-3AFF-4EDA-8786-11EAF86FE7E1}.Ad-Hoc|x64.Deploy.0 = Release|Any CPU
		{98CCB7BE-3AFF-4EDA-8786-11EAF86FE7E1}.Ad-Hoc|x86.ActiveCfg = Release|x86
		{98CCB7BE-3AFF-4EDA-8786-11EAF86FE7E1}.Ad-Hoc|x86.Build.0 = Release|x86
		{98CCB7BE-3AFF-4EDA-8786-11EAF86FE7E1}.Ad-Hoc|x86.Deploy.0 = Release|x86
		{98CCB7BE-3AFF-4EDA-8786-11EAF86FE7E1}.AppStore|Any CPU.ActiveCfg = Release|Any CPU
		{98CCB7BE-3AFF-4EDA-8786-11EAF86FE7E1}.AppStore|Any CPU.Build.0 = Release|Any CPU
		{98CCB7BE-3AFF-4EDA-8786-11EAF86FE7E1}.AppStore|Any CPU.Deploy.0 = Release|Any CPU
		{98CCB7BE-3AFF-4EDA-8786-11EAF86FE7E1}.AppStore|ARM.ActiveCfg = Release|ARM
		{98CCB7BE-3AFF-4EDA-8786-11EAF86FE7E1}.AppStore|ARM.Build.0 = Release|ARM
		{98CCB7BE-3AFF-4EDA-8786-11EAF86FE7E1}.AppStore|ARM.Deploy.0 = Release|ARM
		{98CCB7BE-3AFF-4EDA-8786-11EAF86FE7E1}.AppStore|iPhone.ActiveCfg = Release|Any CPU
		{98CCB7BE-3AFF-4EDA-8786-11EAF86FE7E1}.AppStore|iPhone.Build.0 = Release|Any CPU
		{98CCB7BE-3AFF-4EDA-8786-11EAF86FE7E1}.AppStore|iPhone.Deploy.0 = Release|Any CPU
		{98CCB7BE-3AFF-4EDA-8786-11EAF86FE7E1}.AppStore|iPhoneSimulator.ActiveCfg = Release|Any CPU
		{98CCB7BE-3AFF-4EDA-8786-11EAF86FE7E1}.AppStore|iPhoneSimulator.Build.0 = Release|Any CPU
		{98CCB7BE-3AFF-4EDA-8786-11EAF86FE7E1}.AppStore|iPhoneSimulator.Deploy.0 = Release|Any CPU
		{98CCB7BE-3AFF-4EDA-8786-11EAF86FE7E1}.AppStore|x64.ActiveCfg = Release|Any CPU
		{98CCB7BE-3AFF-4EDA-8786-11EAF86FE7E1}.AppStore|x64.Build.0 = Release|Any CPU
		{98CCB7BE-3AFF-4EDA-8786-11EAF86FE7E1}.AppStore|x64.Deploy.0 = Release|Any CPU
		{98CCB7BE-3AFF-4EDA-8786-11EAF86FE7E1}.AppStore|x86.ActiveCfg = Release|x86
		{98CCB7BE-3AFF-4EDA-8786-11EAF86FE7E1}.AppStore|x86.Build.0 = Release|x86
		{98CCB7BE-3AFF-4EDA-8786-11EAF86FE7E1}.AppStore|x86.Deploy.0 = Release|x86
		{98CCB7BE-3AFF-4EDA-8786-11EAF86FE7E1}.Debug|Any CPU.ActiveCfg = Debug|Any CPU
		{98CCB7BE-3AFF-4EDA-8786-11EAF86FE7E1}.Debug|Any CPU.Build.0 = Debug|Any CPU
		{98CCB7BE-3AFF-4EDA-8786-11EAF86FE7E1}.Debug|Any CPU.Deploy.0 = Debug|Any CPU
		{98CCB7BE-3AFF-4EDA-8786-11EAF86FE7E1}.Debug|ARM.ActiveCfg = Debug|ARM
		{98CCB7BE-3AFF-4EDA-8786-11EAF86FE7E1}.Debug|ARM.Build.0 = Debug|ARM
		{98CCB7BE-3AFF-4EDA-8786-11EAF86FE7E1}.Debug|ARM.Deploy.0 = Debug|ARM
		{98CCB7BE-3AFF-4EDA-8786-11EAF86FE7E1}.Debug|iPhone.ActiveCfg = Debug|Any CPU
		{98CCB7BE-3AFF-4EDA-8786-11EAF86FE7E1}.Debug|iPhone.Build.0 = Debug|Any CPU
		{98CCB7BE-3AFF-4EDA-8786-11EAF86FE7E1}.Debug|iPhone.Deploy.0 = Debug|Any CPU
		{98CCB7BE-3AFF-4EDA-8786-11EAF86FE7E1}.Debug|iPhoneSimulator.ActiveCfg = Debug|Any CPU
		{98CCB7BE-3AFF-4EDA-8786-11EAF86FE7E1}.Debug|iPhoneSimulator.Build.0 = Debug|Any CPU
		{98CCB7BE-3AFF-4EDA-8786-11EAF86FE7E1}.Debug|iPhoneSimulator.Deploy.0 = Debug|Any CPU
		{98CCB7BE-3AFF-4EDA-8786-11EAF86FE7E1}.Debug|x64.ActiveCfg = Debug|Any CPU
		{98CCB7BE-3AFF-4EDA-8786-11EAF86FE7E1}.Debug|x64.Build.0 = Debug|Any CPU
		{98CCB7BE-3AFF-4EDA-8786-11EAF86FE7E1}.Debug|x64.Deploy.0 = Debug|Any CPU
		{98CCB7BE-3AFF-4EDA-8786-11EAF86FE7E1}.Debug|x86.ActiveCfg = Debug|x86
		{98CCB7BE-3AFF-4EDA-8786-11EAF86FE7E1}.Debug|x86.Build.0 = Debug|x86
		{98CCB7BE-3AFF-4EDA-8786-11EAF86FE7E1}.Debug|x86.Deploy.0 = Debug|x86
		{98CCB7BE-3AFF-4EDA-8786-11EAF86FE7E1}.Release|Any CPU.ActiveCfg = Release|Any CPU
		{98CCB7BE-3AFF-4EDA-8786-11EAF86FE7E1}.Release|Any CPU.Build.0 = Release|Any CPU
		{98CCB7BE-3AFF-4EDA-8786-11EAF86FE7E1}.Release|Any CPU.Deploy.0 = Release|Any CPU
		{98CCB7BE-3AFF-4EDA-8786-11EAF86FE7E1}.Release|ARM.ActiveCfg = Release|ARM
		{98CCB7BE-3AFF-4EDA-8786-11EAF86FE7E1}.Release|ARM.Build.0 = Release|ARM
		{98CCB7BE-3AFF-4EDA-8786-11EAF86FE7E1}.Release|ARM.Deploy.0 = Release|ARM
		{98CCB7BE-3AFF-4EDA-8786-11EAF86FE7E1}.Release|iPhone.ActiveCfg = Release|Any CPU
		{98CCB7BE-3AFF-4EDA-8786-11EAF86FE7E1}.Release|iPhone.Build.0 = Release|Any CPU
		{98CCB7BE-3AFF-4EDA-8786-11EAF86FE7E1}.Release|iPhone.Deploy.0 = Release|Any CPU
		{98CCB7BE-3AFF-4EDA-8786-11EAF86FE7E1}.Release|iPhoneSimulator.ActiveCfg = Release|Any CPU
		{98CCB7BE-3AFF-4EDA-8786-11EAF86FE7E1}.Release|iPhoneSimulator.Build.0 = Release|Any CPU
		{98CCB7BE-3AFF-4EDA-8786-11EAF86FE7E1}.Release|iPhoneSimulator.Deploy.0 = Release|Any CPU
		{98CCB7BE-3AFF-4EDA-8786-11EAF86FE7E1}.Release|x64.ActiveCfg = Release|Any CPU
		{98CCB7BE-3AFF-4EDA-8786-11EAF86FE7E1}.Release|x64.Build.0 = Release|Any CPU
		{98CCB7BE-3AFF-4EDA-8786-11EAF86FE7E1}.Release|x64.Deploy.0 = Release|Any CPU
		{98CCB7BE-3AFF-4EDA-8786-11EAF86FE7E1}.Release|x86.ActiveCfg = Release|x86
		{98CCB7BE-3AFF-4EDA-8786-11EAF86FE7E1}.Release|x86.Build.0 = Release|x86
		{98CCB7BE-3AFF-4EDA-8786-11EAF86FE7E1}.Release|x86.Deploy.0 = Release|x86
		{E71A9753-651D-4BF9-AEFE-21C777AEB442}.Ad-Hoc|Any CPU.ActiveCfg = Release|x86
		{E71A9753-651D-4BF9-AEFE-21C777AEB442}.Ad-Hoc|Any CPU.Build.0 = Release|x86
		{E71A9753-651D-4BF9-AEFE-21C777AEB442}.Ad-Hoc|Any CPU.Deploy.0 = Release|x86
		{E71A9753-651D-4BF9-AEFE-21C777AEB442}.Ad-Hoc|ARM.ActiveCfg = Release|ARM
		{E71A9753-651D-4BF9-AEFE-21C777AEB442}.Ad-Hoc|ARM.Build.0 = Release|ARM
		{E71A9753-651D-4BF9-AEFE-21C777AEB442}.Ad-Hoc|ARM.Deploy.0 = Release|ARM
		{E71A9753-651D-4BF9-AEFE-21C777AEB442}.Ad-Hoc|iPhone.ActiveCfg = Release|x86
		{E71A9753-651D-4BF9-AEFE-21C777AEB442}.Ad-Hoc|iPhone.Build.0 = Release|x86
		{E71A9753-651D-4BF9-AEFE-21C777AEB442}.Ad-Hoc|iPhone.Deploy.0 = Release|x86
		{E71A9753-651D-4BF9-AEFE-21C777AEB442}.Ad-Hoc|iPhoneSimulator.ActiveCfg = Release|x86
		{E71A9753-651D-4BF9-AEFE-21C777AEB442}.Ad-Hoc|iPhoneSimulator.Build.0 = Release|x86
		{E71A9753-651D-4BF9-AEFE-21C777AEB442}.Ad-Hoc|iPhoneSimulator.Deploy.0 = Release|x86
		{E71A9753-651D-4BF9-AEFE-21C777AEB442}.Ad-Hoc|x64.ActiveCfg = Release|x64
		{E71A9753-651D-4BF9-AEFE-21C777AEB442}.Ad-Hoc|x64.Build.0 = Release|x64
		{E71A9753-651D-4BF9-AEFE-21C777AEB442}.Ad-Hoc|x64.Deploy.0 = Release|x64
		{E71A9753-651D-4BF9-AEFE-21C777AEB442}.Ad-Hoc|x86.ActiveCfg = Release|x86
		{E71A9753-651D-4BF9-AEFE-21C777AEB442}.Ad-Hoc|x86.Build.0 = Release|x86
		{E71A9753-651D-4BF9-AEFE-21C777AEB442}.Ad-Hoc|x86.Deploy.0 = Release|x86
		{E71A9753-651D-4BF9-AEFE-21C777AEB442}.AppStore|Any CPU.ActiveCfg = Release|x86
		{E71A9753-651D-4BF9-AEFE-21C777AEB442}.AppStore|Any CPU.Build.0 = Release|x86
		{E71A9753-651D-4BF9-AEFE-21C777AEB442}.AppStore|Any CPU.Deploy.0 = Release|x86
		{E71A9753-651D-4BF9-AEFE-21C777AEB442}.AppStore|ARM.ActiveCfg = Release|ARM
		{E71A9753-651D-4BF9-AEFE-21C777AEB442}.AppStore|ARM.Build.0 = Release|ARM
		{E71A9753-651D-4BF9-AEFE-21C777AEB442}.AppStore|ARM.Deploy.0 = Release|ARM
		{E71A9753-651D-4BF9-AEFE-21C777AEB442}.AppStore|iPhone.ActiveCfg = Release|x86
		{E71A9753-651D-4BF9-AEFE-21C777AEB442}.AppStore|iPhone.Build.0 = Release|x86
		{E71A9753-651D-4BF9-AEFE-21C777AEB442}.AppStore|iPhone.Deploy.0 = Release|x86
		{E71A9753-651D-4BF9-AEFE-21C777AEB442}.AppStore|iPhoneSimulator.ActiveCfg = Release|x86
		{E71A9753-651D-4BF9-AEFE-21C777AEB442}.AppStore|iPhoneSimulator.Build.0 = Release|x86
		{E71A9753-651D-4BF9-AEFE-21C777AEB442}.AppStore|iPhoneSimulator.Deploy.0 = Release|x86
		{E71A9753-651D-4BF9-AEFE-21C777AEB442}.AppStore|x64.ActiveCfg = Release|x64
		{E71A9753-651D-4BF9-AEFE-21C777AEB442}.AppStore|x64.Build.0 = Release|x64
		{E71A9753-651D-4BF9-AEFE-21C777AEB442}.AppStore|x64.Deploy.0 = Release|x64
		{E71A9753-651D-4BF9-AEFE-21C777AEB442}.AppStore|x86.ActiveCfg = Release|x86
		{E71A9753-651D-4BF9-AEFE-21C777AEB442}.AppStore|x86.Build.0 = Release|x86
		{E71A9753-651D-4BF9-AEFE-21C777AEB442}.AppStore|x86.Deploy.0 = Release|x86
		{E71A9753-651D-4BF9-AEFE-21C777AEB442}.Debug|Any CPU.ActiveCfg = Debug|x86
		{E71A9753-651D-4BF9-AEFE-21C777AEB442}.Debug|Any CPU.Build.0 = Debug|x86
		{E71A9753-651D-4BF9-AEFE-21C777AEB442}.Debug|Any CPU.Deploy.0 = Debug|x86
		{E71A9753-651D-4BF9-AEFE-21C777AEB442}.Debug|ARM.ActiveCfg = Debug|ARM
		{E71A9753-651D-4BF9-AEFE-21C777AEB442}.Debug|ARM.Build.0 = Debug|ARM
		{E71A9753-651D-4BF9-AEFE-21C777AEB442}.Debug|ARM.Deploy.0 = Debug|ARM
		{E71A9753-651D-4BF9-AEFE-21C777AEB442}.Debug|iPhone.ActiveCfg = Debug|x86
		{E71A9753-651D-4BF9-AEFE-21C777AEB442}.Debug|iPhoneSimulator.ActiveCfg = Debug|x86
		{E71A9753-651D-4BF9-AEFE-21C777AEB442}.Debug|x64.ActiveCfg = Debug|x64
		{E71A9753-651D-4BF9-AEFE-21C777AEB442}.Debug|x64.Build.0 = Debug|x64
		{E71A9753-651D-4BF9-AEFE-21C777AEB442}.Debug|x64.Deploy.0 = Debug|x64
		{E71A9753-651D-4BF9-AEFE-21C777AEB442}.Debug|x86.ActiveCfg = Debug|x86
		{E71A9753-651D-4BF9-AEFE-21C777AEB442}.Debug|x86.Build.0 = Debug|x86
		{E71A9753-651D-4BF9-AEFE-21C777AEB442}.Debug|x86.Deploy.0 = Debug|x86
		{E71A9753-651D-4BF9-AEFE-21C777AEB442}.Release|Any CPU.ActiveCfg = Release|x86
		{E71A9753-651D-4BF9-AEFE-21C777AEB442}.Release|ARM.ActiveCfg = Release|ARM
		{E71A9753-651D-4BF9-AEFE-21C777AEB442}.Release|ARM.Build.0 = Release|ARM
		{E71A9753-651D-4BF9-AEFE-21C777AEB442}.Release|ARM.Deploy.0 = Release|ARM
		{E71A9753-651D-4BF9-AEFE-21C777AEB442}.Release|iPhone.ActiveCfg = Release|x86
		{E71A9753-651D-4BF9-AEFE-21C777AEB442}.Release|iPhoneSimulator.ActiveCfg = Release|x86
		{E71A9753-651D-4BF9-AEFE-21C777AEB442}.Release|x64.ActiveCfg = Release|x64
		{E71A9753-651D-4BF9-AEFE-21C777AEB442}.Release|x64.Build.0 = Release|x64
		{E71A9753-651D-4BF9-AEFE-21C777AEB442}.Release|x64.Deploy.0 = Release|x64
		{E71A9753-651D-4BF9-AEFE-21C777AEB442}.Release|x86.ActiveCfg = Release|x86
		{E71A9753-651D-4BF9-AEFE-21C777AEB442}.Release|x86.Build.0 = Release|x86
		{E71A9753-651D-4BF9-AEFE-21C777AEB442}.Release|x86.Deploy.0 = Release|x86
		{AEF308A4-D149-4A8F-99A9-1894169C093C}.Ad-Hoc|Any CPU.ActiveCfg = Release|Any CPU
		{AEF308A4-D149-4A8F-99A9-1894169C093C}.Ad-Hoc|Any CPU.Build.0 = Release|Any CPU
		{AEF308A4-D149-4A8F-99A9-1894169C093C}.Ad-Hoc|Any CPU.Deploy.0 = Release|Any CPU
		{AEF308A4-D149-4A8F-99A9-1894169C093C}.Ad-Hoc|ARM.ActiveCfg = Release|ARM
		{AEF308A4-D149-4A8F-99A9-1894169C093C}.Ad-Hoc|ARM.Build.0 = Release|ARM
		{AEF308A4-D149-4A8F-99A9-1894169C093C}.Ad-Hoc|ARM.Deploy.0 = Release|ARM
		{AEF308A4-D149-4A8F-99A9-1894169C093C}.Ad-Hoc|iPhone.ActiveCfg = Release|Any CPU
		{AEF308A4-D149-4A8F-99A9-1894169C093C}.Ad-Hoc|iPhone.Build.0 = Release|Any CPU
		{AEF308A4-D149-4A8F-99A9-1894169C093C}.Ad-Hoc|iPhone.Deploy.0 = Release|Any CPU
		{AEF308A4-D149-4A8F-99A9-1894169C093C}.Ad-Hoc|iPhoneSimulator.ActiveCfg = Release|Any CPU
		{AEF308A4-D149-4A8F-99A9-1894169C093C}.Ad-Hoc|iPhoneSimulator.Build.0 = Release|Any CPU
		{AEF308A4-D149-4A8F-99A9-1894169C093C}.Ad-Hoc|iPhoneSimulator.Deploy.0 = Release|Any CPU
		{AEF308A4-D149-4A8F-99A9-1894169C093C}.Ad-Hoc|x64.ActiveCfg = Release|x64
		{AEF308A4-D149-4A8F-99A9-1894169C093C}.Ad-Hoc|x64.Build.0 = Release|x64
		{AEF308A4-D149-4A8F-99A9-1894169C093C}.Ad-Hoc|x64.Deploy.0 = Release|x64
		{AEF308A4-D149-4A8F-99A9-1894169C093C}.Ad-Hoc|x86.ActiveCfg = Release|x86
		{AEF308A4-D149-4A8F-99A9-1894169C093C}.Ad-Hoc|x86.Build.0 = Release|x86
		{AEF308A4-D149-4A8F-99A9-1894169C093C}.Ad-Hoc|x86.Deploy.0 = Release|x86
		{AEF308A4-D149-4A8F-99A9-1894169C093C}.AppStore|Any CPU.ActiveCfg = Release|Any CPU
		{AEF308A4-D149-4A8F-99A9-1894169C093C}.AppStore|Any CPU.Build.0 = Release|Any CPU
		{AEF308A4-D149-4A8F-99A9-1894169C093C}.AppStore|Any CPU.Deploy.0 = Release|Any CPU
		{AEF308A4-D149-4A8F-99A9-1894169C093C}.AppStore|ARM.ActiveCfg = Release|ARM
		{AEF308A4-D149-4A8F-99A9-1894169C093C}.AppStore|ARM.Build.0 = Release|ARM
		{AEF308A4-D149-4A8F-99A9-1894169C093C}.AppStore|ARM.Deploy.0 = Release|ARM
		{AEF308A4-D149-4A8F-99A9-1894169C093C}.AppStore|iPhone.ActiveCfg = Release|Any CPU
		{AEF308A4-D149-4A8F-99A9-1894169C093C}.AppStore|iPhone.Build.0 = Release|Any CPU
		{AEF308A4-D149-4A8F-99A9-1894169C093C}.AppStore|iPhone.Deploy.0 = Release|Any CPU
		{AEF308A4-D149-4A8F-99A9-1894169C093C}.AppStore|iPhoneSimulator.ActiveCfg = Release|Any CPU
		{AEF308A4-D149-4A8F-99A9-1894169C093C}.AppStore|iPhoneSimulator.Build.0 = Release|Any CPU
		{AEF308A4-D149-4A8F-99A9-1894169C093C}.AppStore|iPhoneSimulator.Deploy.0 = Release|Any CPU
		{AEF308A4-D149-4A8F-99A9-1894169C093C}.AppStore|x64.ActiveCfg = Release|x64
		{AEF308A4-D149-4A8F-99A9-1894169C093C}.AppStore|x64.Build.0 = Release|x64
		{AEF308A4-D149-4A8F-99A9-1894169C093C}.AppStore|x64.Deploy.0 = Release|x64
		{AEF308A4-D149-4A8F-99A9-1894169C093C}.AppStore|x86.ActiveCfg = Release|x86
		{AEF308A4-D149-4A8F-99A9-1894169C093C}.AppStore|x86.Build.0 = Release|x86
		{AEF308A4-D149-4A8F-99A9-1894169C093C}.AppStore|x86.Deploy.0 = Release|x86
		{AEF308A4-D149-4A8F-99A9-1894169C093C}.Debug|Any CPU.ActiveCfg = Debug|Any CPU
		{AEF308A4-D149-4A8F-99A9-1894169C093C}.Debug|Any CPU.Build.0 = Debug|Any CPU
		{AEF308A4-D149-4A8F-99A9-1894169C093C}.Debug|Any CPU.Deploy.0 = Debug|Any CPU
		{AEF308A4-D149-4A8F-99A9-1894169C093C}.Debug|ARM.ActiveCfg = Debug|ARM
		{AEF308A4-D149-4A8F-99A9-1894169C093C}.Debug|ARM.Build.0 = Debug|ARM
		{AEF308A4-D149-4A8F-99A9-1894169C093C}.Debug|ARM.Deploy.0 = Debug|ARM
		{AEF308A4-D149-4A8F-99A9-1894169C093C}.Debug|iPhone.ActiveCfg = Debug|Any CPU
		{AEF308A4-D149-4A8F-99A9-1894169C093C}.Debug|iPhone.Build.0 = Debug|Any CPU
		{AEF308A4-D149-4A8F-99A9-1894169C093C}.Debug|iPhone.Deploy.0 = Debug|Any CPU
		{AEF308A4-D149-4A8F-99A9-1894169C093C}.Debug|iPhoneSimulator.ActiveCfg = Debug|Any CPU
		{AEF308A4-D149-4A8F-99A9-1894169C093C}.Debug|iPhoneSimulator.Build.0 = Debug|Any CPU
		{AEF308A4-D149-4A8F-99A9-1894169C093C}.Debug|iPhoneSimulator.Deploy.0 = Debug|Any CPU
		{AEF308A4-D149-4A8F-99A9-1894169C093C}.Debug|x64.ActiveCfg = Debug|x64
		{AEF308A4-D149-4A8F-99A9-1894169C093C}.Debug|x64.Build.0 = Debug|x64
		{AEF308A4-D149-4A8F-99A9-1894169C093C}.Debug|x64.Deploy.0 = Debug|x64
		{AEF308A4-D149-4A8F-99A9-1894169C093C}.Debug|x86.ActiveCfg = Debug|x86
		{AEF308A4-D149-4A8F-99A9-1894169C093C}.Debug|x86.Build.0 = Debug|x86
		{AEF308A4-D149-4A8F-99A9-1894169C093C}.Debug|x86.Deploy.0 = Debug|x86
		{AEF308A4-D149-4A8F-99A9-1894169C093C}.Release|Any CPU.ActiveCfg = Release|Any CPU
		{AEF308A4-D149-4A8F-99A9-1894169C093C}.Release|Any CPU.Build.0 = Release|Any CPU
		{AEF308A4-D149-4A8F-99A9-1894169C093C}.Release|Any CPU.Deploy.0 = Release|Any CPU
		{AEF308A4-D149-4A8F-99A9-1894169C093C}.Release|ARM.ActiveCfg = Release|ARM
		{AEF308A4-D149-4A8F-99A9-1894169C093C}.Release|ARM.Build.0 = Release|ARM
		{AEF308A4-D149-4A8F-99A9-1894169C093C}.Release|ARM.Deploy.0 = Release|ARM
		{AEF308A4-D149-4A8F-99A9-1894169C093C}.Release|iPhone.ActiveCfg = Release|Any CPU
		{AEF308A4-D149-4A8F-99A9-1894169C093C}.Release|iPhone.Build.0 = Release|Any CPU
		{AEF308A4-D149-4A8F-99A9-1894169C093C}.Release|iPhone.Deploy.0 = Release|Any CPU
		{AEF308A4-D149-4A8F-99A9-1894169C093C}.Release|iPhoneSimulator.ActiveCfg = Release|Any CPU
		{AEF308A4-D149-4A8F-99A9-1894169C093C}.Release|iPhoneSimulator.Build.0 = Release|Any CPU
		{AEF308A4-D149-4A8F-99A9-1894169C093C}.Release|iPhoneSimulator.Deploy.0 = Release|Any CPU
		{AEF308A4-D149-4A8F-99A9-1894169C093C}.Release|x64.ActiveCfg = Release|x64
		{AEF308A4-D149-4A8F-99A9-1894169C093C}.Release|x64.Build.0 = Release|x64
		{AEF308A4-D149-4A8F-99A9-1894169C093C}.Release|x64.Deploy.0 = Release|x64
		{AEF308A4-D149-4A8F-99A9-1894169C093C}.Release|x86.ActiveCfg = Release|x86
		{AEF308A4-D149-4A8F-99A9-1894169C093C}.Release|x86.Build.0 = Release|x86
		{AEF308A4-D149-4A8F-99A9-1894169C093C}.Release|x86.Deploy.0 = Release|x86
	EndGlobalSection
	GlobalSection(SolutionProperties) = preSolution
		HideSolutionNode = FALSE
	EndGlobalSection
EndGlobal
